
Microsoft Visual Studio Solution File, Format Version 12.00
# Visual Studio 15
VisualStudioVersion = 15.0.27428.2005
MinimumVisualStudioVersion = 10.0.40219.1
Project("{2150E333-8FDC-42A3-9474-1A3956D46DE8}") = "Services", "Services", "{03F7503F-72E6-4547-9D19-28FDF1265A40}"
EndProject
Project("{2150E333-8FDC-42A3-9474-1A3956D46DE8}") = "Shared", "Shared", "{F2FF9166-613F-42E0-B497-F409B23174C2}"
EndProject
Project("{9A19103F-16F7-4668-BE54-9A1E7A4F7556}") = "Client.Shared", "Client.Shared\Client.Shared.csproj", "{E9578976-2DF4-4156-90C5-F47AEBB6DB94}"
EndProject
Project("{9A19103F-16F7-4668-BE54-9A1E7A4F7556}") = "CrossCutting", "CrossCutting\CrossCutting.csproj", "{507EB511-290F-4D32-B766-5F610AB34EC0}"
EndProject
Project("{9A19103F-16F7-4668-BE54-9A1E7A4F7556}") = "Service.Business", "Service.Business\Service.Business.csproj", "{185A746B-6DEF-40A2-A5D2-EE0BCC404527}"
EndProject
Project("{9A19103F-16F7-4668-BE54-9A1E7A4F7556}") = "Service.Data", "Service.Data\Service.Data.csproj", "{22F191BE-59AA-4BA5-8FFE-977BED2EFF5C}"
EndProject
Project("{9A19103F-16F7-4668-BE54-9A1E7A4F7556}") = "Service.Shared", "Service.Shared\Service.Shared.csproj", "{9A6048E9-EBEA-4848-902D-D5D25EEBAB59}"
EndProject
Project("{FAE04EC0-301F-11D3-BF4B-00C04F79EFBC}") = "Client.Application", "Client.Application\Client.Application.csproj", "{5E243024-7CD0-464A-AC39-84550C7B600F}"
	ProjectSection(ProjectDependencies) = postProject
		{2D54D524-261D-439B-93F3-E643FF0C4944} = {2D54D524-261D-439B-93F3-E643FF0C4944}
	EndProjectSection
EndProject
Project("{FAE04EC0-301F-11D3-BF4B-00C04F79EFBC}") = "Service.Test", "Service.Test\Service.Test.csproj", "{260049A3-C751-4EDA-B7CD-687A140B71FF}"
EndProject
Project("{FAE04EC0-301F-11D3-BF4B-00C04F79EFBC}") = "BirthdayService", "BirthdayService\BirthdayService.csproj", "{2D54D524-261D-439B-93F3-E643FF0C4944}"
EndProject
Project("{FAE04EC0-301F-11D3-BF4B-00C04F79EFBC}") = "BirthDayServiceHost", "BirthDayServiceProxy\BirthDayServiceHost.csproj", "{E9612437-BC46-4502-932E-72501DD9B969}"
EndProject
Project("{FAE04EC0-301F-11D3-BF4B-00C04F79EFBC}") = "Client.WebApp", "Client.App\Client.WebApp.csproj", "{755AFCF9-54CF-4EAD-BD4B-D8919EF1DFE5}"
EndProject
Project("{2150E333-8FDC-42A3-9474-1A3956D46DE8}") = "Service.Host", "Service.Host", "{B437F69E-0133-4AA7-9B1B-F5C2D163C156}"
EndProject
Project("{2150E333-8FDC-42A3-9474-1A3956D46DE8}") = "Clients", "Clients", "{C464D129-C2D3-4FE4-8BA7-F10370528FF6}"
EndProject
Global
	GlobalSection(SolutionConfigurationPlatforms) = preSolution
		Debug|Any CPU = Debug|Any CPU
		Release|Any CPU = Release|Any CPU
	EndGlobalSection
	GlobalSection(ProjectConfigurationPlatforms) = postSolution
		{E9578976-2DF4-4156-90C5-F47AEBB6DB94}.Debug|Any CPU.ActiveCfg = Debug|Any CPU
		{E9578976-2DF4-4156-90C5-F47AEBB6DB94}.Debug|Any CPU.Build.0 = Debug|Any CPU
		{E9578976-2DF4-4156-90C5-F47AEBB6DB94}.Release|Any CPU.ActiveCfg = Release|Any CPU
		{E9578976-2DF4-4156-90C5-F47AEBB6DB94}.Release|Any CPU.Build.0 = Release|Any CPU
		{507EB511-290F-4D32-B766-5F610AB34EC0}.Debug|Any CPU.ActiveCfg = Debug|Any CPU
		{507EB511-290F-4D32-B766-5F610AB34EC0}.Debug|Any CPU.Build.0 = Debug|Any CPU
		{507EB511-290F-4D32-B766-5F610AB34EC0}.Release|Any CPU.ActiveCfg = Release|Any CPU
		{507EB511-290F-4D32-B766-5F610AB34EC0}.Release|Any CPU.Build.0 = Release|Any CPU
		{185A746B-6DEF-40A2-A5D2-EE0BCC404527}.Debug|Any CPU.ActiveCfg = Debug|Any CPU
		{185A746B-6DEF-40A2-A5D2-EE0BCC404527}.Debug|Any CPU.Build.0 = Debug|Any CPU
		{185A746B-6DEF-40A2-A5D2-EE0BCC404527}.Release|Any CPU.ActiveCfg = Release|Any CPU
		{185A746B-6DEF-40A2-A5D2-EE0BCC404527}.Release|Any CPU.Build.0 = Release|Any CPU
		{22F191BE-59AA-4BA5-8FFE-977BED2EFF5C}.Debug|Any CPU.ActiveCfg = Debug|Any CPU
		{22F191BE-59AA-4BA5-8FFE-977BED2EFF5C}.Debug|Any CPU.Build.0 = Debug|Any CPU
		{22F191BE-59AA-4BA5-8FFE-977BED2EFF5C}.Release|Any CPU.ActiveCfg = Release|Any CPU
		{22F191BE-59AA-4BA5-8FFE-977BED2EFF5C}.Release|Any CPU.Build.0 = Release|Any CPU
		{9A6048E9-EBEA-4848-902D-D5D25EEBAB59}.Debug|Any CPU.ActiveCfg = Debug|Any CPU
		{9A6048E9-EBEA-4848-902D-D5D25EEBAB59}.Debug|Any CPU.Build.0 = Debug|Any CPU
		{9A6048E9-EBEA-4848-902D-D5D25EEBAB59}.Release|Any CPU.ActiveCfg = Release|Any CPU
		{9A6048E9-EBEA-4848-902D-D5D25EEBAB59}.Release|Any CPU.Build.0 = Release|Any CPU
		{5E243024-7CD0-464A-AC39-84550C7B600F}.Debug|Any CPU.ActiveCfg = Debug|Any CPU
		{5E243024-7CD0-464A-AC39-84550C7B600F}.Debug|Any CPU.Build.0 = Debug|Any CPU
		{5E243024-7CD0-464A-AC39-84550C7B600F}.Release|Any CPU.ActiveCfg = Release|Any CPU
		{5E243024-7CD0-464A-AC39-84550C7B600F}.Release|Any CPU.Build.0 = Release|Any CPU
		{260049A3-C751-4EDA-B7CD-687A140B71FF}.Debug|Any CPU.ActiveCfg = Debug|Any CPU
		{260049A3-C751-4EDA-B7CD-687A140B71FF}.Debug|Any CPU.Build.0 = Debug|Any CPU
		{260049A3-C751-4EDA-B7CD-687A140B71FF}.Release|Any CPU.ActiveCfg = Release|Any CPU
		{260049A3-C751-4EDA-B7CD-687A140B71FF}.Release|Any CPU.Build.0 = Release|Any CPU
		{2D54D524-261D-439B-93F3-E643FF0C4944}.Debug|Any CPU.ActiveCfg = Debug|Any CPU
		{2D54D524-261D-439B-93F3-E643FF0C4944}.Debug|Any CPU.Build.0 = Debug|Any CPU
		{2D54D524-261D-439B-93F3-E643FF0C4944}.Release|Any CPU.ActiveCfg = Release|Any CPU
		{2D54D524-261D-439B-93F3-E643FF0C4944}.Release|Any CPU.Build.0 = Release|Any CPU
		{E9612437-BC46-4502-932E-72501DD9B969}.Debug|Any CPU.ActiveCfg = Debug|Any CPU
		{E9612437-BC46-4502-932E-72501DD9B969}.Debug|Any CPU.Build.0 = Debug|Any CPU
		{E9612437-BC46-4502-932E-72501DD9B969}.Release|Any CPU.ActiveCfg = Release|Any CPU
		{E9612437-BC46-4502-932E-72501DD9B969}.Release|Any CPU.Build.0 = Release|Any CPU
		{755AFCF9-54CF-4EAD-BD4B-D8919EF1DFE5}.Debug|Any CPU.ActiveCfg = Debug|Any CPU
		{755AFCF9-54CF-4EAD-BD4B-D8919EF1DFE5}.Debug|Any CPU.Build.0 = Debug|Any CPU
		{755AFCF9-54CF-4EAD-BD4B-D8919EF1DFE5}.Release|Any CPU.ActiveCfg = Release|Any CPU
		{755AFCF9-54CF-4EAD-BD4B-D8919EF1DFE5}.Release|Any CPU.Build.0 = Release|Any CPU
	EndGlobalSection
	GlobalSection(SolutionProperties) = preSolution
		HideSolutionNode = FALSE
	EndGlobalSection
	GlobalSection(NestedProjects) = preSolution
		{E9578976-2DF4-4156-90C5-F47AEBB6DB94} = {C464D129-C2D3-4FE4-8BA7-F10370528FF6}
		{507EB511-290F-4D32-B766-5F610AB34EC0} = {F2FF9166-613F-42E0-B497-F409B23174C2}
		{185A746B-6DEF-40A2-A5D2-EE0BCC404527} = {03F7503F-72E6-4547-9D19-28FDF1265A40}
		{22F191BE-59AA-4BA5-8FFE-977BED2EFF5C} = {03F7503F-72E6-4547-9D19-28FDF1265A40}
		{9A6048E9-EBEA-4848-902D-D5D25EEBAB59} = {03F7503F-72E6-4547-9D19-28FDF1265A40}
		{5E243024-7CD0-464A-AC39-84550C7B600F} = {C464D129-C2D3-4FE4-8BA7-F10370528FF6}
		{260049A3-C751-4EDA-B7CD-687A140B71FF} = {03F7503F-72E6-4547-9D19-28FDF1265A40}
		{2D54D524-261D-439B-93F3-E643FF0C4944} = {03F7503F-72E6-4547-9D19-28FDF1265A40}
		{E9612437-BC46-4502-932E-72501DD9B969} = {B437F69E-0133-4AA7-9B1B-F5C2D163C156}
		{755AFCF9-54CF-4EAD-BD4B-D8919EF1DFE5} = {C464D129-C2D3-4FE4-8BA7-F10370528FF6}
	EndGlobalSection
	GlobalSection(ExtensibilityGlobals) = postSolution
		SolutionGuid = {58A6CFDF-0A23-4080-B870-99955A14A891}
	EndGlobalSection
EndGlobal
